// !$*UTF8*$!
{
	archiveVersion = 1;
	classes = {
	};
	objectVersion = 56;
	objects = {

/* Begin PBXBuildFile section */
		82AD3BED29C4C9E0001A9972 /* BudgetListView.swift in Sources */ = {isa = PBXBuildFile; fileRef = 82AD3BEC29C4C9E0001A9972 /* BudgetListView.swift */; };
		82AD3BEF29C509E8001A9972 /* Transaction+CoreDataClass.swift in Sources */ = {isa = PBXBuildFile; fileRef = 82AD3BEE29C509E8001A9972 /* Transaction+CoreDataClass.swift */; };
		82AD3BF129C50A38001A9972 /* BudgetDetailView.swift in Sources */ = {isa = PBXBuildFile; fileRef = 82AD3BF029C50A38001A9972 /* BudgetDetailView.swift */; };
		82ADBA3129C458C800AA303F /* BudgetsAppApp.swift in Sources */ = {isa = PBXBuildFile; fileRef = 82ADBA3029C458C800AA303F /* BudgetsAppApp.swift */; };
		82ADBA3329C458C800AA303F /* ContentView.swift in Sources */ = {isa = PBXBuildFile; fileRef = 82ADBA3229C458C800AA303F /* ContentView.swift */; };
		82ADBA3529C458CC00AA303F /* Assets.xcassets in Resources */ = {isa = PBXBuildFile; fileRef = 82ADBA3429C458CC00AA303F /* Assets.xcassets */; };
		82ADBA3829C458CC00AA303F /* Preview Assets.xcassets in Resources */ = {isa = PBXBuildFile; fileRef = 82ADBA3729C458CC00AA303F /* Preview Assets.xcassets */; };
		82ADBA4029C4594100AA303F /* BudgetModel.xcdatamodeld in Sources */ = {isa = PBXBuildFile; fileRef = 82ADBA3E29C4594100AA303F /* BudgetModel.xcdatamodeld */; };
		82ADBA4429C45B8D00AA303F /* BudgetCategory+CoreDataClass.swift in Sources */ = {isa = PBXBuildFile; fileRef = 82ADBA4329C45B8D00AA303F /* BudgetCategory+CoreDataClass.swift */; };
		82ADBA4729C45C8000AA303F /* CoreDataManager.swift in Sources */ = {isa = PBXBuildFile; fileRef = 82ADBA4629C45C8000AA303F /* CoreDataManager.swift */; };
		82ADBA4A29C45DC300AA303F /* AddBudgetCategoryView.swift in Sources */ = {isa = PBXBuildFile; fileRef = 82ADBA4929C45DC300AA303F /* AddBudgetCategoryView.swift */; };
		82ADBA4D29C460B800AA303F /* NumberFormatter.swift in Sources */ = {isa = PBXBuildFile; fileRef = 82ADBA4C29C460B800AA303F /* NumberFormatter.swift */; };
/* End PBXBuildFile section */

/* Begin PBXFileReference section */
		82AD3BEC29C4C9E0001A9972 /* BudgetListView.swift */ = {isa = PBXFileReference; lastKnownFileType = sourcecode.swift; path = BudgetListView.swift; sourceTree = "<group>"; };
		82AD3BEE29C509E8001A9972 /* Transaction+CoreDataClass.swift */ = {isa = PBXFileReference; lastKnownFileType = sourcecode.swift; path = "Transaction+CoreDataClass.swift"; sourceTree = "<group>"; };
		82AD3BF029C50A38001A9972 /* BudgetDetailView.swift */ = {isa = PBXFileReference; lastKnownFileType = sourcecode.swift; path = BudgetDetailView.swift; sourceTree = "<group>"; };
		82ADBA2D29C458C800AA303F /* BudgetsApp.app */ = {isa = PBXFileReference; explicitFileType = wrapper.application; includeInIndex = 0; path = BudgetsApp.app; sourceTree = BUILT_PRODUCTS_DIR; };
		82ADBA3029C458C800AA303F /* BudgetsAppApp.swift */ = {isa = PBXFileReference; lastKnownFileType = sourcecode.swift; path = BudgetsAppApp.swift; sourceTree = "<group>"; };
		82ADBA3229C458C800AA303F /* ContentView.swift */ = {isa = PBXFileReference; lastKnownFileType = sourcecode.swift; path = ContentView.swift; sourceTree = "<group>"; };
		82ADBA3429C458CC00AA303F /* Assets.xcassets */ = {isa = PBXFileReference; lastKnownFileType = folder.assetcatalog; path = Assets.xcassets; sourceTree = "<group>"; };
		82ADBA3729C458CC00AA303F /* Preview Assets.xcassets */ = {isa = PBXFileReference; lastKnownFileType = folder.assetcatalog; path = "Preview Assets.xcassets"; sourceTree = "<group>"; };
		82ADBA3F29C4594100AA303F /* BudgetModel.xcdatamodel */ = {isa = PBXFileReference; lastKnownFileType = wrapper.xcdatamodel; path = BudgetModel.xcdatamodel; sourceTree = "<group>"; };
		82ADBA4329C45B8D00AA303F /* BudgetCategory+CoreDataClass.swift */ = {isa = PBXFileReference; lastKnownFileType = sourcecode.swift; path = "BudgetCategory+CoreDataClass.swift"; sourceTree = "<group>"; };
		82ADBA4629C45C8000AA303F /* CoreDataManager.swift */ = {isa = PBXFileReference; lastKnownFileType = sourcecode.swift; path = CoreDataManager.swift; sourceTree = "<group>"; };
		82ADBA4929C45DC300AA303F /* AddBudgetCategoryView.swift */ = {isa = PBXFileReference; lastKnownFileType = sourcecode.swift; path = AddBudgetCategoryView.swift; sourceTree = "<group>"; };
		82ADBA4C29C460B800AA303F /* NumberFormatter.swift */ = {isa = PBXFileReference; lastKnownFileType = sourcecode.swift; path = NumberFormatter.swift; sourceTree = "<group>"; };
/* End PBXFileReference section */

/* Begin PBXFrameworksBuildPhase section */
		82ADBA2A29C458C800AA303F /* Frameworks */ = {
			isa = PBXFrameworksBuildPhase;
			buildActionMask = 2147483647;
			files = (
			);
			runOnlyForDeploymentPostprocessing = 0;
		};
/* End PBXFrameworksBuildPhase section */

/* Begin PBXGroup section */
		82ADBA2429C458C800AA303F = {
			isa = PBXGroup;
			children = (
				82ADBA2F29C458C800AA303F /* BudgetsApp */,
				82ADBA2E29C458C800AA303F /* Products */,
			);
			sourceTree = "<group>";
		};
		82ADBA2E29C458C800AA303F /* Products */ = {
			isa = PBXGroup;
			children = (
				82ADBA2D29C458C800AA303F /* BudgetsApp.app */,
			);
			name = Products;
			sourceTree = "<group>";
		};
		82ADBA2F29C458C800AA303F /* BudgetsApp */ = {
			isa = PBXGroup;
			children = (
				82ADBA4B29C460A800AA303F /* Extensions */,
				82ADBA4829C45DB000AA303F /* Views */,
				82ADBA4529C45C6B00AA303F /* Managers */,
				82ADBA4129C45B2100AA303F /* Models */,
				82ADBA3029C458C800AA303F /* BudgetsAppApp.swift */,
				82ADBA3229C458C800AA303F /* ContentView.swift */,
				82ADBA3429C458CC00AA303F /* Assets.xcassets */,
				82ADBA3629C458CC00AA303F /* Preview Content */,
				82ADBA3E29C4594100AA303F /* BudgetModel.xcdatamodeld */,
			);
			path = BudgetsApp;
			sourceTree = "<group>";
		};
		82ADBA3629C458CC00AA303F /* Preview Content */ = {
			isa = PBXGroup;
			children = (
				82ADBA3729C458CC00AA303F /* Preview Assets.xcassets */,
			);
			path = "Preview Content";
			sourceTree = "<group>";
		};
		82ADBA4129C45B2100AA303F /* Models */ = {
			isa = PBXGroup;
			children = (
				82ADBA4229C45B2900AA303F /* Extensions */,
				82ADBA4329C45B8D00AA303F /* BudgetCategory+CoreDataClass.swift */,
				82AD3BEE29C509E8001A9972 /* Transaction+CoreDataClass.swift */,
			);
			path = Models;
			sourceTree = "<group>";
		};
		82ADBA4229C45B2900AA303F /* Extensions */ = {
			isa = PBXGroup;
			children = (
			);
			path = Extensions;
			sourceTree = "<group>";
		};
		82ADBA4529C45C6B00AA303F /* Managers */ = {
			isa = PBXGroup;
			children = (
				82ADBA4629C45C8000AA303F /* CoreDataManager.swift */,
			);
			path = Managers;
			sourceTree = "<group>";
		};
		82ADBA4829C45DB000AA303F /* Views */ = {
			isa = PBXGroup;
			children = (
				82ADBA4929C45DC300AA303F /* AddBudgetCategoryView.swift */,
				82AD3BEC29C4C9E0001A9972 /* BudgetListView.swift */,
				82AD3BF029C50A38001A9972 /* BudgetDetailView.swift */,
			);
			path = Views;
			sourceTree = "<group>";
		};
		82ADBA4B29C460A800AA303F /* Extensions */ = {
			isa = PBXGroup;
			children = (
				82ADBA4C29C460B800AA303F /* NumberFormatter.swift */,
			);
			path = Extensions;
			sourceTree = "<group>";
		};
/* End PBXGroup section */

/* Begin PBXNativeTarget section */
		82ADBA2C29C458C800AA303F /* BudgetsApp */ = {
			isa = PBXNativeTarget;
			buildConfigurationList = 82ADBA3B29C458CD00AA303F /* Build configuration list for PBXNativeTarget "BudgetsApp" */;
			buildPhases = (
				82ADBA2929C458C800AA303F /* Sources */,
				82ADBA2A29C458C800AA303F /* Frameworks */,
				82ADBA2B29C458C800AA303F /* Resources */,
			);
			buildRules = (
			);
			dependencies = (
			);
			name = BudgetsApp;
			productName = BudgetsApp;
			productReference = 82ADBA2D29C458C800AA303F /* BudgetsApp.app */;
			productType = "com.apple.product-type.application";
		};
/* End PBXNativeTarget section */

/* Begin PBXProject section */
		82ADBA2529C458C800AA303F /* Project object */ = {
			isa = PBXProject;
			attributes = {
				BuildIndependentTargetsInParallel = 1;
				LastSwiftUpdateCheck = 1420;
				LastUpgradeCheck = 1420;
				TargetAttributes = {
					82ADBA2C29C458C800AA303F = {
						CreatedOnToolsVersion = 14.2;
					};
				};
			};
			buildConfigurationList = 82ADBA2829C458C800AA303F /* Build configuration list for PBXProject "BudgetsApp" */;
			compatibilityVersion = "Xcode 14.0";
			developmentRegion = en;
			hasScannedForEncodings = 0;
			knownRegions = (
				en,
				Base,
			);
			mainGroup = 82ADBA2429C458C800AA303F;
			productRefGroup = 82ADBA2E29C458C800AA303F /* Products */;
			projectDirPath = "";
			projectRoot = "";
			targets = (
				82ADBA2C29C458C800AA303F /* BudgetsApp */,
			);
		};
/* End PBXProject section */

/* Begin PBXResourcesBuildPhase section */
		82ADBA2B29C458C800AA303F /* Resources */ = {
			isa = PBXResourcesBuildPhase;
			buildActionMask = 2147483647;
			files = (
				82ADBA3829C458CC00AA303F /* Preview Assets.xcassets in Resources */,
				82ADBA3529C458CC00AA303F /* Assets.xcassets in Resources */,
			);
			runOnlyForDeploymentPostprocessing = 0;
		};
/* End PBXResourcesBuildPhase section */

/* Begin PBXSourcesBuildPhase section */
		82ADBA2929C458C800AA303F /* Sources */ = {
			isa = PBXSourcesBuildPhase;
			buildActionMask = 2147483647;
			files = (
				82ADBA3329C458C800AA303F /* ContentView.swift in Sources */,
				82AD3BED29C4C9E0001A9972 /* BudgetListView.swift in Sources */,
				82ADBA3129C458C800AA303F /* BudgetsAppApp.swift in Sources */,
				82ADBA4429C45B8D00AA303F /* BudgetCategory+CoreDataClass.swift in Sources */,
				82AD3BEF29C509E8001A9972 /* Transaction+CoreDataClass.swift in Sources */,
				82ADBA4A29C45DC300AA303F /* AddBudgetCategoryView.swift in Sources */,
				82AD3BF129C50A38001A9972 /* BudgetDetailView.swift in Sources */,
				82ADBA4729C45C8000AA303F /* CoreDataManager.swift in Sources */,
				82ADBA4D29C460B800AA303F /* NumberFormatter.swift in Sources */,
				82ADBA4029C4594100AA303F /* BudgetModel.xcdatamodeld in Sources */,
			);
			runOnlyForDeploymentPostprocessing = 0;
		};
/* End PBXSourcesBuildPhase section */

/* Begin XCBuildConfiguration section */
		82ADBA3929C458CC00AA303F /* Debug */ = {
			isa = XCBuildConfiguration;
			buildSettings = {
				ALWAYS_SEARCH_USER_PATHS = NO;
				CLANG_ANALYZER_NONNULL = YES;
				CLANG_ANALYZER_NUMBER_OBJECT_CONVERSION = YES_AGGRESSIVE;
				CLANG_CXX_LANGUAGE_STANDARD = "gnu++20";
				CLANG_ENABLE_MODULES = YES;
				CLANG_ENABLE_OBJC_ARC = YES;
				CLANG_ENABLE_OBJC_WEAK = YES;
				CLANG_WARN_BLOCK_CAPTURE_AUTORELEASING = YES;
				CLANG_WARN_BOOL_CONVERSION = YES;
				CLANG_WARN_COMMA = YES;
				CLANG_WARN_CONSTANT_CONVERSION = YES;
				CLANG_WARN_DEPRECATED_OBJC_IMPLEMENTATIONS = YES;
				CLANG_WARN_DIRECT_OBJC_ISA_USAGE = YES_ERROR;
				CLANG_WARN_DOCUMENTATION_COMMENTS = YES;
				CLANG_WARN_EMPTY_BODY = YES;
				CLANG_WARN_ENUM_CONVERSION = YES;
				CLANG_WARN_INFINITE_RECURSION = YES;
				CLANG_WARN_INT_CONVERSION = YES;
				CLANG_WARN_NON_LITERAL_NULL_CONVERSION = YES;
				CLANG_WARN_OBJC_IMPLICIT_RETAIN_SELF = YES;
				CLANG_WARN_OBJC_LITERAL_CONVERSION = YES;
				CLANG_WARN_OBJC_ROOT_CLASS = YES_ERROR;
				CLANG_WARN_QUOTED_INCLUDE_IN_FRAMEWORK_HEADER = YES;
				CLANG_WARN_RANGE_LOOP_ANALYSIS = YES;
				CLANG_WARN_STRICT_PROTOTYPES = YES;
				CLANG_WARN_SUSPICIOUS_MOVE = YES;
				CLANG_WARN_UNGUARDED_AVAILABILITY = YES_AGGRESSIVE;
				CLANG_WARN_UNREACHABLE_CODE = YES;
				CLANG_WARN__DUPLICATE_METHOD_MATCH = YES;
				COPY_PHASE_STRIP = NO;
				DEBUG_INFORMATION_FORMAT = dwarf;
				ENABLE_STRICT_OBJC_MSGSEND = YES;
				ENABLE_TESTABILITY = YES;
				GCC_C_LANGUAGE_STANDARD = gnu11;
				GCC_DYNAMIC_NO_PIC = NO;
				GCC_NO_COMMON_BLOCKS = YES;
				GCC_OPTIMIZATION_LEVEL = 0;
				GCC_PREPROCESSOR_DEFINITIONS = (
					"DEBUG=1",
					"$(inherited)",
				);
				GCC_WARN_64_TO_32_BIT_CONVERSION = YES;
				GCC_WARN_ABOUT_RETURN_TYPE = YES_ERROR;
				GCC_WARN_UNDECLARED_SELECTOR = YES;
				GCC_WARN_UNINITIALIZED_AUTOS = YES_AGGRESSIVE;
				GCC_WARN_UNUSED_FUNCTION = YES;
				GCC_WARN_UNUSED_VARIABLE = YES;
				IPHONEOS_DEPLOYMENT_TARGET = 16.2;
				MTL_ENABLE_DEBUG_INFO = INCLUDE_SOURCE;
				MTL_FAST_MATH = YES;
				ONLY_ACTIVE_ARCH = YES;
				SDKROOT = iphoneos;
				SWIFT_ACTIVE_COMPILATION_CONDITIONS = DEBUG;
				SWIFT_OPTIMIZATION_LEVEL = "-Onone";
			};
			name = Debug;
		};
		82ADBA3A29C458CD00AA303F /* Release */ = {
			isa = XCBuildConfiguration;
			buildSettings = {
				ALWAYS_SEARCH_USER_PATHS = NO;
				CLANG_ANALYZER_NONNULL = YES;
				CLANG_ANALYZER_NUMBER_OBJECT_CONVERSION = YES_AGGRESSIVE;
				CLANG_CXX_LANGUAGE_STANDARD = "gnu++20";
				CLANG_ENABLE_MODULES = YES;
				CLANG_ENABLE_OBJC_ARC = YES;
				CLANG_ENABLE_OBJC_WEAK = YES;
				CLANG_WARN_BLOCK_CAPTURE_AUTORELEASING = YES;
				CLANG_WARN_BOOL_CONVERSION = YES;
				CLANG_WARN_COMMA = YES;
				CLANG_WARN_CONSTANT_CONVERSION = YES;
				CLANG_WARN_DEPRECATED_OBJC_IMPLEMENTATIONS = YES;
				CLANG_WARN_DIRECT_OBJC_ISA_USAGE = YES_ERROR;
				CLANG_WARN_DOCUMENTATION_COMMENTS = YES;
				CLANG_WARN_EMPTY_BODY = YES;
				CLANG_WARN_ENUM_CONVERSION = YES;
				CLANG_WARN_INFINITE_RECURSION = YES;
				CLANG_WARN_INT_CONVERSION = YES;
				CLANG_WARN_NON_LITERAL_NULL_CONVERSION = YES;
				CLANG_WARN_OBJC_IMPLICIT_RETAIN_SELF = YES;
				CLANG_WARN_OBJC_LITERAL_CONVERSION = YES;
				CLANG_WARN_OBJC_ROOT_CLASS = YES_ERROR;
				CLANG_WARN_QUOTED_INCLUDE_IN_FRAMEWORK_HEADER = YES;
				CLANG_WARN_RANGE_LOOP_ANALYSIS = YES;
				CLANG_WARN_STRICT_PROTOTYPES = YES;
				CLANG_WARN_SUSPICIOUS_MOVE = YES;
				CLANG_WARN_UNGUARDED_AVAILABILITY = YES_AGGRESSIVE;
				CLANG_WARN_UNREACHABLE_CODE = YES;
				CLANG_WARN__DUPLICATE_METHOD_MATCH = YES;
				COPY_PHASE_STRIP = NO;
				DEBUG_INFORMATION_FORMAT = "dwarf-with-dsym";
				ENABLE_NS_ASSERTIONS = NO;
				ENABLE_STRICT_OBJC_MSGSEND = YES;
				GCC_C_LANGUAGE_STANDARD = gnu11;
				GCC_NO_COMMON_BLOCKS = YES;
				GCC_WARN_64_TO_32_BIT_CONVERSION = YES;
				GCC_WARN_ABOUT_RETURN_TYPE = YES_ERROR;
				GCC_WARN_UNDECLARED_SELECTOR = YES;
				GCC_WARN_UNINITIALIZED_AUTOS = YES_AGGRESSIVE;
				GCC_WARN_UNUSED_FUNCTION = YES;
				GCC_WARN_UNUSED_VARIABLE = YES;
				IPHONEOS_DEPLOYMENT_TARGET = 16.2;
				MTL_ENABLE_DEBUG_INFO = NO;
				MTL_FAST_MATH = YES;
				SDKROOT = iphoneos;
				SWIFT_COMPILATION_MODE = wholemodule;
				SWIFT_OPTIMIZATION_LEVEL = "-O";
				VALIDATE_PRODUCT = YES;
			};
			name = Release;
		};
		82ADBA3C29C458CD00AA303F /* Debug */ = {
			isa = XCBuildConfiguration;
			buildSettings = {
				ASSETCATALOG_COMPILER_APPICON_NAME = AppIcon;
				ASSETCATALOG_COMPILER_GLOBAL_ACCENT_COLOR_NAME = AccentColor;
				CODE_SIGN_STYLE = Automatic;
				CURRENT_PROJECT_VERSION = 1;
				DEVELOPMENT_ASSET_PATHS = "\"BudgetsApp/Preview Content\"";
				DEVELOPMENT_TEAM = N37DY79DRF;
				ENABLE_PREVIEWS = YES;
				GENERATE_INFOPLIST_FILE = YES;
				INFOPLIST_KEY_UIApplicationSceneManifest_Generation = YES;
				INFOPLIST_KEY_UIApplicationSupportsIndirectInputEvents = YES;
				INFOPLIST_KEY_UILaunchScreen_Generation = YES;
				INFOPLIST_KEY_UISupportedInterfaceOrientations_iPad = "UIInterfaceOrientationPortrait UIInterfaceOrientationPortraitUpsideDown UIInterfaceOrientationLandscapeLeft UIInterfaceOrientationLandscapeRight";
				INFOPLIST_KEY_UISupportedInterfaceOrientations_iPhone = "UIInterfaceOrientationPortrait UIInterfaceOrientationLandscapeLeft UIInterfaceOrientationLandscapeRight";
				LD_RUNPATH_SEARCH_PATHS = (
					"$(inherited)",
					"@executable_path/Frameworks",
				);
				MARKETING_VERSION = 1.0;
				PRODUCT_BUNDLE_IDENTIFIER = ua.vfil.BudgetsApp;
				PRODUCT_NAME = "$(TARGET_NAME)";
				SWIFT_EMIT_LOC_STRINGS = YES;
				SWIFT_VERSION = 5.0;
				TARGETED_DEVICE_FAMILY = "1,2";
			};
			name = Debug;
		};
		82ADBA3D29C458CD00AA303F /* Release */ = {
			isa = XCBuildConfiguration;
			buildSettings = {
				ASSETCATALOG_COMPILER_APPICON_NAME = AppIcon;
				ASSETCATALOG_COMPILER_GLOBAL_ACCENT_COLOR_NAME = AccentColor;
				CODE_SIGN_STYLE = Automatic;
				CURRENT_PROJECT_VERSION = 1;
				DEVELOPMENT_ASSET_PATHS = "\"BudgetsApp/Preview Content\"";
				DEVELOPMENT_TEAM = N37DY79DRF;
				ENABLE_PREVIEWS = YES;
				GENERATE_INFOPLIST_FILE = YES;
				INFOPLIST_KEY_UIApplicationSceneManifest_Generation = YES;
				INFOPLIST_KEY_UIApplicationSupportsIndirectInputEvents = YES;
				INFOPLIST_KEY_UILaunchScreen_Generation = YES;
				INFOPLIST_KEY_UISupportedInterfaceOrientations_iPad = "UIInterfaceOrientationPortrait UIInterfaceOrientationPortraitUpsideDown UIInterfaceOrientationLandscapeLeft UIInterfaceOrientationLandscapeRight";
				INFOPLIST_KEY_UISupportedInterfaceOrientations_iPhone = "UIInterfaceOrientationPortrait UIInterfaceOrientationLandscapeLeft UIInterfaceOrientationLandscapeRight";
				LD_RUNPATH_SEARCH_PATHS = (
					"$(inherited)",
					"@executable_path/Frameworks",
				);
				MARKETING_VERSION = 1.0;
				PRODUCT_BUNDLE_IDENTIFIER = ua.vfil.BudgetsApp;
				PRODUCT_NAME = "$(TARGET_NAME)";
				SWIFT_EMIT_LOC_STRINGS = YES;
				SWIFT_VERSION = 5.0;
				TARGETED_DEVICE_FAMILY = "1,2";
			};
			name = Release;
		};
/* End XCBuildConfiguration section */

/* Begin XCConfigurationList section */
		82ADBA2829C458C800AA303F /* Build configuration list for PBXProject "BudgetsApp" */ = {
			isa = XCConfigurationList;
			buildConfigurations = (
				82ADBA3929C458CC00AA303F /* Debug */,
				82ADBA3A29C458CD00AA303F /* Release */,
			);
			defaultConfigurationIsVisible = 0;
			defaultConfigurationName = Release;
		};
		82ADBA3B29C458CD00AA303F /* Build configuration list for PBXNativeTarget "BudgetsApp" */ = {
			isa = XCConfigurationList;
			buildConfigurations = (
				82ADBA3C29C458CD00AA303F /* Debug */,
				82ADBA3D29C458CD00AA303F /* Release */,
			);
			defaultConfigurationIsVisible = 0;
			defaultConfigurationName = Release;
		};
/* End XCConfigurationList section */

/* Begin XCVersionGroup section */
		82ADBA3E29C4594100AA303F /* BudgetModel.xcdatamodeld */ = {
			isa = XCVersionGroup;
			children = (
				82ADBA3F29C4594100AA303F /* BudgetModel.xcdatamodel */,
			);
			currentVersion = 82ADBA3F29C4594100AA303F /* BudgetModel.xcdatamodel */;
			path = BudgetModel.xcdatamodeld;
			sourceTree = "<group>";
			versionGroupType = wrapper.xcdatamodel;
		};
/* End XCVersionGroup section */
	};
	rootObject = 82ADBA2529C458C800AA303F /* Project object */;
}
